
Microsoft Visual Studio Solution File, Format Version 12.00
# Visual Studio 15
VisualStudioVersion = 15.0.28307.539
MinimumVisualStudioVersion = 10.0.40219.1
Project("{FAE04EC0-301F-11D3-BF4B-00C04F79EFBC}") = "UI", "Login\UI.csproj", "{DB882C74-AAF3-47F2-9F8A-02824755BAD7}"
EndProject
Project("{9A19103F-16F7-4668-BE54-9A1E7A4F7556}") = "API", "API\API.csproj", "{3C8B4996-57B8-444A-8962-3B2ADACE79E8}"
EndProject
Global
	GlobalSection(SolutionConfigurationPlatforms) = preSolution
		Debug|Any CPU = Debug|Any CPU
		Release|Any CPU = Release|Any CPU
	EndGlobalSection
	GlobalSection(ProjectConfigurationPlatforms) = postSolution
		{DB882C74-AAF3-47F2-9F8A-02824755BAD7}.Debug|Any CPU.ActiveCfg = Debug|Any CPU
		{DB882C74-AAF3-47F2-9F8A-02824755BAD7}.Debug|Any CPU.Build.0 = Debug|Any CPU
		{DB882C74-AAF3-47F2-9F8A-02824755BAD7}.Release|Any CPU.ActiveCfg = Release|Any CPU
		{DB882C74-AAF3-47F2-9F8A-02824755BAD7}.Release|Any CPU.Build.0 = Release|Any CPU
		{3C8B4996-57B8-444A-8962-3B2ADACE79E8}.Debug|Any CPU.ActiveCfg = Debug|Any CPU
		{3C8B4996-57B8-444A-8962-3B2ADACE79E8}.Debug|Any CPU.Build.0 = Debug|Any CPU
		{3C8B4996-57B8-444A-8962-3B2ADACE79E8}.Release|Any CPU.ActiveCfg = Release|Any CPU
		{3C8B4996-57B8-444A-8962-3B2ADACE79E8}.Release|Any CPU.Build.0 = Release|Any CPU
	EndGlobalSection
	GlobalSection(SolutionProperties) = preSolution
		HideSolutionNode = FALSE
	EndGlobalSection
	GlobalSection(ExtensibilityGlobals) = postSolution
		SolutionGuid = {4C6BDB6E-4C47-48F6-BB32-D5DCA62688C0}
	EndGlobalSection
EndGlobal
